
Microsoft Visual Studio Solution File, Format Version 12.00
# Visual Studio Version 17
VisualStudioVersion = 17.11.35327.3
MinimumVisualStudioVersion = 10.0.40219.1
Project("{FAE04EC0-301F-11D3-BF4B-00C04F79EFBC}") = "Lab1.UWP", "Lab1\Lab1.UWP\Lab1.UWP.csproj", "{330C2425-61D1-422E-ADB7-DB1115549BF6}"
EndProject
Project("{FAE04EC0-301F-11D3-BF4B-00C04F79EFBC}") = "Lab1.Android", "Lab1\Lab1.Android\Lab1.Android.csproj", "{1D4CF64E-DAD7-444F-B288-3277B51EF6BC}"
EndProject
Project("{FAE04EC0-301F-11D3-BF4B-00C04F79EFBC}") = "Lab1.iOS", "Lab1\Lab1.iOS\Lab1.iOS.csproj", "{BE42210F-B571-427E-9853-D6C0C371B7C9}"
EndProject
Project("{FAE04EC0-301F-11D3-BF4B-00C04F79EFBC}") = "Lab1", "Lab1\Lab1\Lab1.csproj", "{4BB1B0CE-D37E-4FC4-841A-82D115DA792F}"
EndProject
Global
	GlobalSection(SolutionConfigurationPlatforms) = preSolution
		Debug|Any CPU = Debug|Any CPU
		Debug|ARM = Debug|ARM
		Debug|iPhone = Debug|iPhone
		Debug|iPhoneSimulator = Debug|iPhoneSimulator
		Debug|x64 = Debug|x64
		Debug|x86 = Debug|x86
		Release|Any CPU = Release|Any CPU
		Release|ARM = Release|ARM
		Release|iPhone = Release|iPhone
		Release|iPhoneSimulator = Release|iPhoneSimulator
		Release|x64 = Release|x64
		Release|x86 = Release|x86
	EndGlobalSection
	GlobalSection(ProjectConfigurationPlatforms) = postSolution
		{330C2425-61D1-422E-ADB7-DB1115549BF6}.Debug|Any CPU.ActiveCfg = Debug|x64
		{330C2425-61D1-422E-ADB7-DB1115549BF6}.Debug|Any CPU.Build.0 = Debug|x64
		{330C2425-61D1-422E-ADB7-DB1115549BF6}.Debug|Any CPU.Deploy.0 = Debug|x64
		{330C2425-61D1-422E-ADB7-DB1115549BF6}.Debug|ARM.ActiveCfg = Debug|ARM
		{330C2425-61D1-422E-ADB7-DB1115549BF6}.Debug|ARM.Build.0 = Debug|ARM
		{330C2425-61D1-422E-ADB7-DB1115549BF6}.Debug|ARM.Deploy.0 = Debug|ARM
		{330C2425-61D1-422E-ADB7-DB1115549BF6}.Debug|iPhone.ActiveCfg = Debug|x64
		{330C2425-61D1-422E-ADB7-DB1115549BF6}.Debug|iPhone.Build.0 = Debug|x64
		{330C2425-61D1-422E-ADB7-DB1115549BF6}.Debug|iPhone.Deploy.0 = Debug|x64
		{330C2425-61D1-422E-ADB7-DB1115549BF6}.Debug|iPhoneSimulator.ActiveCfg = Debug|x64
		{330C2425-61D1-422E-ADB7-DB1115549BF6}.Debug|iPhoneSimulator.Build.0 = Debug|x64
		{330C2425-61D1-422E-ADB7-DB1115549BF6}.Debug|iPhoneSimulator.Deploy.0 = Debug|x64
		{330C2425-61D1-422E-ADB7-DB1115549BF6}.Debug|x64.ActiveCfg = Debug|x64
		{330C2425-61D1-422E-ADB7-DB1115549BF6}.Debug|x64.Build.0 = Debug|x64
		{330C2425-61D1-422E-ADB7-DB1115549BF6}.Debug|x64.Deploy.0 = Debug|x64
		{330C2425-61D1-422E-ADB7-DB1115549BF6}.Debug|x86.ActiveCfg = Debug|x86
		{330C2425-61D1-422E-ADB7-DB1115549BF6}.Debug|x86.Build.0 = Debug|x86
		{330C2425-61D1-422E-ADB7-DB1115549BF6}.Debug|x86.Deploy.0 = Debug|x86
		{330C2425-61D1-422E-ADB7-DB1115549BF6}.Release|Any CPU.ActiveCfg = Release|x64
		{330C2425-61D1-422E-ADB7-DB1115549BF6}.Release|Any CPU.Build.0 = Release|x64
		{330C2425-61D1-422E-ADB7-DB1115549BF6}.Release|Any CPU.Deploy.0 = Release|x64
		{330C2425-61D1-422E-ADB7-DB1115549BF6}.Release|ARM.ActiveCfg = Release|ARM
		{330C2425-61D1-422E-ADB7-DB1115549BF6}.Release|ARM.Build.0 = Release|ARM
		{330C2425-61D1-422E-ADB7-DB1115549BF6}.Release|ARM.Deploy.0 = Release|ARM
		{330C2425-61D1-422E-ADB7-DB1115549BF6}.Release|iPhone.ActiveCfg = Release|x64
		{330C2425-61D1-422E-ADB7-DB1115549BF6}.Release|iPhone.Build.0 = Release|x64
		{330C2425-61D1-422E-ADB7-DB1115549BF6}.Release|iPhone.Deploy.0 = Release|x64
		{330C2425-61D1-422E-ADB7-DB1115549BF6}.Release|iPhoneSimulator.ActiveCfg = Release|x64
		{330C2425-61D1-422E-ADB7-DB1115549BF6}.Release|iPhoneSimulator.Build.0 = Release|x64
		{330C2425-61D1-422E-ADB7-DB1115549BF6}.Release|iPhoneSimulator.Deploy.0 = Release|x64
		{330C2425-61D1-422E-ADB7-DB1115549BF6}.Release|x64.ActiveCfg = Release|x64
		{330C2425-61D1-422E-ADB7-DB1115549BF6}.Release|x64.Build.0 = Release|x64
		{330C2425-61D1-422E-ADB7-DB1115549BF6}.Release|x64.Deploy.0 = Release|x64
		{330C2425-61D1-422E-ADB7-DB1115549BF6}.Release|x86.ActiveCfg = Release|x86
		{330C2425-61D1-422E-ADB7-DB1115549BF6}.Release|x86.Build.0 = Release|x86
		{330C2425-61D1-422E-ADB7-DB1115549BF6}.Release|x86.Deploy.0 = Release|x86
		{1D4CF64E-DAD7-444F-B288-3277B51EF6BC}.Debug|Any CPU.ActiveCfg = Debug|Any CPU
		{1D4CF64E-DAD7-444F-B288-3277B51EF6BC}.Debug|Any CPU.Build.0 = Debug|Any CPU
		{1D4CF64E-DAD7-444F-B288-3277B51EF6BC}.Debug|Any CPU.Deploy.0 = Debug|Any CPU
		{1D4CF64E-DAD7-444F-B288-3277B51EF6BC}.Debug|ARM.ActiveCfg = Debug|Any CPU
		{1D4CF64E-DAD7-444F-B288-3277B51EF6BC}.Debug|ARM.Build.0 = Debug|Any CPU
		{1D4CF64E-DAD7-444F-B288-3277B51EF6BC}.Debug|ARM.Deploy.0 = Debug|Any CPU
		{1D4CF64E-DAD7-444F-B288-3277B51EF6BC}.Debug|iPhone.ActiveCfg = Debug|Any CPU
		{1D4CF64E-DAD7-444F-B288-3277B51EF6BC}.Debug|iPhone.Build.0 = Debug|Any CPU
		{1D4CF64E-DAD7-444F-B288-3277B51EF6BC}.Debug|iPhone.Deploy.0 = Debug|Any CPU
		{1D4CF64E-DAD7-444F-B288-3277B51EF6BC}.Debug|iPhoneSimulator.ActiveCfg = Debug|Any CPU
		{1D4CF64E-DAD7-444F-B288-3277B51EF6BC}.Debug|iPhoneSimulator.Build.0 = Debug|Any CPU
		{1D4CF64E-DAD7-444F-B288-3277B51EF6BC}.Debug|iPhoneSimulator.Deploy.0 = Debug|Any CPU
		{1D4CF64E-DAD7-444F-B288-3277B51EF6BC}.Debug|x64.ActiveCfg = Debug|Any CPU
		{1D4CF64E-DAD7-444F-B288-3277B51EF6BC}.Debug|x64.Build.0 = Debug|Any CPU
		{1D4CF64E-DAD7-444F-B288-3277B51EF6BC}.Debug|x64.Deploy.0 = Debug|Any CPU
		{1D4CF64E-DAD7-444F-B288-3277B51EF6BC}.Debug|x86.ActiveCfg = Debug|Any CPU
		{1D4CF64E-DAD7-444F-B288-3277B51EF6BC}.Debug|x86.Build.0 = Debug|Any CPU
		{1D4CF64E-DAD7-444F-B288-3277B51EF6BC}.Debug|x86.Deploy.0 = Debug|Any CPU
		{1D4CF64E-DAD7-444F-B288-3277B51EF6BC}.Release|Any CPU.ActiveCfg = Release|Any CPU
		{1D4CF64E-DAD7-444F-B288-3277B51EF6BC}.Release|Any CPU.Build.0 = Release|Any CPU
		{1D4CF64E-DAD7-444F-B288-3277B51EF6BC}.Release|Any CPU.Deploy.0 = Release|Any CPU
		{1D4CF64E-DAD7-444F-B288-3277B51EF6BC}.Release|ARM.ActiveCfg = Release|Any CPU
		{1D4CF64E-DAD7-444F-B288-3277B51EF6BC}.Release|ARM.Build.0 = Release|Any CPU
		{1D4CF64E-DAD7-444F-B288-3277B51EF6BC}.Release|ARM.Deploy.0 = Release|Any CPU
		{1D4CF64E-DAD7-444F-B288-3277B51EF6BC}.Release|iPhone.ActiveCfg = Release|Any CPU
		{1D4CF64E-DAD7-444F-B288-3277B51EF6BC}.Release|iPhone.Build.0 = Release|Any CPU
		{1D4CF64E-DAD7-444F-B288-3277B51EF6BC}.Release|iPhone.Deploy.0 = Release|Any CPU
		{1D4CF64E-DAD7-444F-B288-3277B51EF6BC}.Release|iPhoneSimulator.ActiveCfg = Release|Any CPU
		{1D4CF64E-DAD7-444F-B288-3277B51EF6BC}.Release|iPhoneSimulator.Build.0 = Release|Any CPU
		{1D4CF64E-DAD7-444F-B288-3277B51EF6BC}.Release|iPhoneSimulator.Deploy.0 = Release|Any CPU
		{1D4CF64E-DAD7-444F-B288-3277B51EF6BC}.Release|x64.ActiveCfg = Release|Any CPU
		{1D4CF64E-DAD7-444F-B288-3277B51EF6BC}.Release|x64.Build.0 = Release|Any CPU
		{1D4CF64E-DAD7-444F-B288-3277B51EF6BC}.Release|x64.Deploy.0 = Release|Any CPU
		{1D4CF64E-DAD7-444F-B288-3277B51EF6BC}.Release|x86.ActiveCfg = Release|Any CPU
		{1D4CF64E-DAD7-444F-B288-3277B51EF6BC}.Release|x86.Build.0 = Release|Any CPU
		{1D4CF64E-DAD7-444F-B288-3277B51EF6BC}.Release|x86.Deploy.0 = Release|Any CPU
		{BE42210F-B571-427E-9853-D6C0C371B7C9}.Debug|Any CPU.ActiveCfg = Debug|iPhoneSimulator
		{BE42210F-B571-427E-9853-D6C0C371B7C9}.Debug|Any CPU.Build.0 = Debug|iPhoneSimulator
		{BE42210F-B571-427E-9853-D6C0C371B7C9}.Debug|Any CPU.Deploy.0 = Debug|iPhoneSimulator
		{BE42210F-B571-427E-9853-D6C0C371B7C9}.Debug|ARM.ActiveCfg = Debug|iPhoneSimulator
		{BE42210F-B571-427E-9853-D6C0C371B7C9}.Debug|ARM.Build.0 = Debug|iPhoneSimulator
		{BE42210F-B571-427E-9853-D6C0C371B7C9}.Debug|ARM.Deploy.0 = Debug|iPhoneSimulator
		{BE42210F-B571-427E-9853-D6C0C371B7C9}.Debug|iPhone.ActiveCfg = Debug|iPhone
		{BE42210F-B571-427E-9853-D6C0C371B7C9}.Debug|iPhone.Build.0 = Debug|iPhone
		{BE42210F-B571-427E-9853-D6C0C371B7C9}.Debug|iPhone.Deploy.0 = Debug|iPhone
		{BE42210F-B571-427E-9853-D6C0C371B7C9}.Debug|iPhoneSimulator.ActiveCfg = Debug|iPhoneSimulator
		{BE42210F-B571-427E-9853-D6C0C371B7C9}.Debug|iPhoneSimulator.Build.0 = Debug|iPhoneSimulator
		{BE42210F-B571-427E-9853-D6C0C371B7C9}.Debug|iPhoneSimulator.Deploy.0 = Debug|iPhoneSimulator
		{BE42210F-B571-427E-9853-D6C0C371B7C9}.Debug|x64.ActiveCfg = Debug|iPhone
		{BE42210F-B571-427E-9853-D6C0C371B7C9}.Debug|x64.Build.0 = Debug|iPhone
		{BE42210F-B571-427E-9853-D6C0C371B7C9}.Debug|x64.Deploy.0 = Debug|iPhone
		{BE42210F-B571-427E-9853-D6C0C371B7C9}.Debug|x86.ActiveCfg = Debug|iPhoneSimulator
		{BE42210F-B571-427E-9853-D6C0C371B7C9}.Debug|x86.Build.0 = Debug|iPhoneSimulator
		{BE42210F-B571-427E-9853-D6C0C371B7C9}.Debug|x86.Deploy.0 = Debug|iPhoneSimulator
		{BE42210F-B571-427E-9853-D6C0C371B7C9}.Release|Any CPU.ActiveCfg = Release|iPhoneSimulator
		{BE42210F-B571-427E-9853-D6C0C371B7C9}.Release|Any CPU.Build.0 = Release|iPhoneSimulator
		{BE42210F-B571-427E-9853-D6C0C371B7C9}.Release|Any CPU.Deploy.0 = Release|iPhoneSimulator
		{BE42210F-B571-427E-9853-D6C0C371B7C9}.Release|ARM.ActiveCfg = Release|iPhoneSimulator
		{BE42210F-B571-427E-9853-D6C0C371B7C9}.Release|ARM.Build.0 = Release|iPhoneSimulator
		{BE42210F-B571-427E-9853-D6C0C371B7C9}.Release|ARM.Deploy.0 = Release|iPhoneSimulator
		{BE42210F-B571-427E-9853-D6C0C371B7C9}.Release|iPhone.ActiveCfg = Release|iPhone
		{BE42210F-B571-427E-9853-D6C0C371B7C9}.Release|iPhone.Build.0 = Release|iPhone
		{BE42210F-B571-427E-9853-D6C0C371B7C9}.Release|iPhone.Deploy.0 = Release|iPhone
		{BE42210F-B571-427E-9853-D6C0C371B7C9}.Release|iPhoneSimulator.ActiveCfg = Release|iPhoneSimulator
		{BE42210F-B571-427E-9853-D6C0C371B7C9}.Release|iPhoneSimulator.Build.0 = Release|iPhoneSimulator
		{BE42210F-B571-427E-9853-D6C0C371B7C9}.Release|iPhoneSimulator.Deploy.0 = Release|iPhoneSimulator
		{BE42210F-B571-427E-9853-D6C0C371B7C9}.Release|x64.ActiveCfg = Release|iPhoneSimulator
		{BE42210F-B571-427E-9853-D6C0C371B7C9}.Release|x64.Build.0 = Release|iPhoneSimulator
		{BE42210F-B571-427E-9853-D6C0C371B7C9}.Release|x64.Deploy.0 = Release|iPhoneSimulator
		{BE42210F-B571-427E-9853-D6C0C371B7C9}.Release|x86.ActiveCfg = Release|iPhoneSimulator
		{BE42210F-B571-427E-9853-D6C0C371B7C9}.Release|x86.Build.0 = Release|iPhoneSimulator
		{BE42210F-B571-427E-9853-D6C0C371B7C9}.Release|x86.Deploy.0 = Release|iPhoneSimulator
		{4BB1B0CE-D37E-4FC4-841A-82D115DA792F}.Debug|Any CPU.ActiveCfg = Debug|Any CPU
		{4BB1B0CE-D37E-4FC4-841A-82D115DA792F}.Debug|Any CPU.Build.0 = Debug|Any CPU
		{4BB1B0CE-D37E-4FC4-841A-82D115DA792F}.Debug|Any CPU.Deploy.0 = Debug|Any CPU
		{4BB1B0CE-D37E-4FC4-841A-82D115DA792F}.Debug|ARM.ActiveCfg = Debug|Any CPU
		{4BB1B0CE-D37E-4FC4-841A-82D115DA792F}.Debug|ARM.Build.0 = Debug|Any CPU
		{4BB1B0CE-D37E-4FC4-841A-82D115DA792F}.Debug|ARM.Deploy.0 = Debug|Any CPU
		{4BB1B0CE-D37E-4FC4-841A-82D115DA792F}.Debug|iPhone.ActiveCfg = Debug|Any CPU
		{4BB1B0CE-D37E-4FC4-841A-82D115DA792F}.Debug|iPhone.Build.0 = Debug|Any CPU
		{4BB1B0CE-D37E-4FC4-841A-82D115DA792F}.Debug|iPhone.Deploy.0 = Debug|Any CPU
		{4BB1B0CE-D37E-4FC4-841A-82D115DA792F}.Debug|iPhoneSimulator.ActiveCfg = Debug|Any CPU
		{4BB1B0CE-D37E-4FC4-841A-82D115DA792F}.Debug|iPhoneSimulator.Build.0 = Debug|Any CPU
		{4BB1B0CE-D37E-4FC4-841A-82D115DA792F}.Debug|iPhoneSimulator.Deploy.0 = Debug|Any CPU
		{4BB1B0CE-D37E-4FC4-841A-82D115DA792F}.Debug|x64.ActiveCfg = Debug|Any CPU
		{4BB1B0CE-D37E-4FC4-841A-82D115DA792F}.Debug|x64.Build.0 = Debug|Any CPU
		{4BB1B0CE-D37E-4FC4-841A-82D115DA792F}.Debug|x64.Deploy.0 = Debug|Any CPU
		{4BB1B0CE-D37E-4FC4-841A-82D115DA792F}.Debug|x86.ActiveCfg = Debug|Any CPU
		{4BB1B0CE-D37E-4FC4-841A-82D115DA792F}.Debug|x86.Build.0 = Debug|Any CPU
		{4BB1B0CE-D37E-4FC4-841A-82D115DA792F}.Debug|x86.Deploy.0 = Debug|Any CPU
		{4BB1B0CE-D37E-4FC4-841A-82D115DA792F}.Release|Any CPU.ActiveCfg = Release|Any CPU
		{4BB1B0CE-D37E-4FC4-841A-82D115DA792F}.Release|Any CPU.Build.0 = Release|Any CPU
		{4BB1B0CE-D37E-4FC4-841A-82D115DA792F}.Release|Any CPU.Deploy.0 = Release|Any CPU
		{4BB1B0CE-D37E-4FC4-841A-82D115DA792F}.Release|ARM.ActiveCfg = Release|Any CPU
		{4BB1B0CE-D37E-4FC4-841A-82D115DA792F}.Release|ARM.Build.0 = Release|Any CPU
		{4BB1B0CE-D37E-4FC4-841A-82D115DA792F}.Release|ARM.Deploy.0 = Release|Any CPU
		{4BB1B0CE-D37E-4FC4-841A-82D115DA792F}.Release|iPhone.ActiveCfg = Release|Any CPU
		{4BB1B0CE-D37E-4FC4-841A-82D115DA792F}.Release|iPhone.Build.0 = Release|Any CPU
		{4BB1B0CE-D37E-4FC4-841A-82D115DA792F}.Release|iPhone.Deploy.0 = Release|Any CPU
		{4BB1B0CE-D37E-4FC4-841A-82D115DA792F}.Release|iPhoneSimulator.ActiveCfg = Release|Any CPU
		{4BB1B0CE-D37E-4FC4-841A-82D115DA792F}.Release|iPhoneSimulator.Build.0 = Release|Any CPU
		{4BB1B0CE-D37E-4FC4-841A-82D115DA792F}.Release|iPhoneSimulator.Deploy.0 = Release|Any CPU
		{4BB1B0CE-D37E-4FC4-841A-82D115DA792F}.Release|x64.ActiveCfg = Release|Any CPU
		{4BB1B0CE-D37E-4FC4-841A-82D115DA792F}.Release|x64.Build.0 = Release|Any CPU
		{4BB1B0CE-D37E-4FC4-841A-82D115DA792F}.Release|x64.Deploy.0 = Release|Any CPU
		{4BB1B0CE-D37E-4FC4-841A-82D115DA792F}.Release|x86.ActiveCfg = Release|Any CPU
		{4BB1B0CE-D37E-4FC4-841A-82D115DA792F}.Release|x86.Build.0 = Release|Any CPU
		{4BB1B0CE-D37E-4FC4-841A-82D115DA792F}.Release|x86.Deploy.0 = Release|Any CPU
	EndGlobalSection
	GlobalSection(SolutionProperties) = preSolution
		HideSolutionNode = FALSE
	EndGlobalSection
	GlobalSection(ExtensibilityGlobals) = postSolution
		SolutionGuid = {C7E14EB5-8AB2-46D9-A6B6-52C572289FE1}
	EndGlobalSection
EndGlobal
